
Microsoft Visual Studio Solution File, Format Version 12.00
# Visual Studio 15
VisualStudioVersion = 15.0.28010.2048
MinimumVisualStudioVersion = 10.0.40219.1
Project("{FAE04EC0-301F-11D3-BF4B-00C04F79EFBC}") = "ScreenSaver", "ScreenSaver\ScreenSaver.csproj", "{B47EEE17-87D4-4F93-B845-8739FBEF3EF0}"
EndProject
Global
	GlobalSection(SolutionConfigurationPlatforms) = preSolution
		Debug|Any CPU = Debug|Any CPU
		Release|Any CPU = Release|Any CPU
	EndGlobalSection
	GlobalSection(ProjectConfigurationPlatforms) = postSolution
		{B47EEE17-87D4-4F93-B845-8739FBEF3EF0}.Debug|Any CPU.ActiveCfg = Debug|Any CPU
		{B47EEE17-87D4-4F93-B845-8739FBEF3EF0}.Debug|Any CPU.Build.0 = Debug|Any CPU
		{B47EEE17-87D4-4F93-B845-8739FBEF3EF0}.Release|Any CPU.ActiveCfg = Release|Any CPU
		{B47EEE17-87D4-4F93-B845-8739FBEF3EF0}.Release|Any CPU.Build.0 = Release|Any CPU
	EndGlobalSection
	GlobalSection(SolutionProperties) = preSolution
		HideSolutionNode = FALSE
	EndGlobalSection
	GlobalSection(ExtensibilityGlobals) = postSolution
		SolutionGuid = {106FF0BA-7DC2-4879-B8E2-7AC8236F515E}
	EndGlobalSection
EndGlobal
